
Microsoft Visual Studio Solution File, Format Version 12.00
# Visual Studio Version 16
VisualStudioVersion = 16.0.29911.84
MinimumVisualStudioVersion = 10.0.40219.1
Project("{FAE04EC0-301F-11D3-BF4B-00C04F79EFBC}") = "truYum-asp", "truYum-asp\truYum-asp.csproj", "{DB5812D0-1D64-4782-87F2-91EB85217619}"
EndProject
Global
	GlobalSection(SolutionConfigurationPlatforms) = preSolution
		Debug|Any CPU = Debug|Any CPU
		Release|Any CPU = Release|Any CPU
	EndGlobalSection
	GlobalSection(ProjectConfigurationPlatforms) = postSolution
		{DB5812D0-1D64-4782-87F2-91EB85217619}.Debug|Any CPU.ActiveCfg = Debug|Any CPU
		{DB5812D0-1D64-4782-87F2-91EB85217619}.Debug|Any CPU.Build.0 = Debug|Any CPU
		{DB5812D0-1D64-4782-87F2-91EB85217619}.Release|Any CPU.ActiveCfg = Release|Any CPU
		{DB5812D0-1D64-4782-87F2-91EB85217619}.Release|Any CPU.Build.0 = Release|Any CPU
	EndGlobalSection
	GlobalSection(SolutionProperties) = preSolution
		HideSolutionNode = FALSE
	EndGlobalSection
	GlobalSection(ExtensibilityGlobals) = postSolution
		SolutionGuid = {BC1FF17F-EFAD-407B-9A9F-B1D99C680023}
	EndGlobalSection
EndGlobal
